
Microsoft Visual Studio Solution File, Format Version 12.00
# Visual Studio Version 16
VisualStudioVersion = 16.0.29318.209
MinimumVisualStudioVersion = 10.0.40219.1
Project("{FAE04EC0-301F-11D3-BF4B-00C04F79EFBC}") = "GrpcService.Server", "GrpcService.Server\GrpcService.Server.csproj", "{23B6871F-8AFF-42F6-AB19-1C7559451D9A}"
EndProject
Project("{FAE04EC0-301F-11D3-BF4B-00C04F79EFBC}") = "GrpcService.Client", "GrpcService.Client\GrpcService.Client.csproj", "{62F8855C-7613-4D61-8A99-957F08899FC5}"
EndProject
Global
	GlobalSection(SolutionConfigurationPlatforms) = preSolution
		Debug|Any CPU = Debug|Any CPU
		Release|Any CPU = Release|Any CPU
	EndGlobalSection
	GlobalSection(ProjectConfigurationPlatforms) = postSolution
		{23B6871F-8AFF-42F6-AB19-1C7559451D9A}.Debug|Any CPU.ActiveCfg = Debug|Any CPU
		{23B6871F-8AFF-42F6-AB19-1C7559451D9A}.Debug|Any CPU.Build.0 = Debug|Any CPU
		{23B6871F-8AFF-42F6-AB19-1C7559451D9A}.Release|Any CPU.ActiveCfg = Release|Any CPU
		{23B6871F-8AFF-42F6-AB19-1C7559451D9A}.Release|Any CPU.Build.0 = Release|Any CPU
		{62F8855C-7613-4D61-8A99-957F08899FC5}.Debug|Any CPU.ActiveCfg = Debug|Any CPU
		{62F8855C-7613-4D61-8A99-957F08899FC5}.Debug|Any CPU.Build.0 = Debug|Any CPU
		{62F8855C-7613-4D61-8A99-957F08899FC5}.Release|Any CPU.ActiveCfg = Release|Any CPU
		{62F8855C-7613-4D61-8A99-957F08899FC5}.Release|Any CPU.Build.0 = Release|Any CPU
	EndGlobalSection
	GlobalSection(SolutionProperties) = preSolution
		HideSolutionNode = FALSE
	EndGlobalSection
	GlobalSection(ExtensibilityGlobals) = postSolution
		SolutionGuid = {FC9CC58B-F89D-40CE-802D-C73C4A2F629C}
	EndGlobalSection
EndGlobal
